PODS:
  - Nimble (5.1.1)
  - Quick (1.0.0)
  - Tibei (0.1.0)

DEPENDENCIES:
  - Nimble (~> 5.0)
  - Quick (~> 1.0)
  - Tibei (from `../`)

EXTERNAL SOURCES:
  Tibei:
    :path: "../"

SPEC CHECKSUMS:
  Nimble: 415e3aa3267e7bc2c96b05fa814ddea7bb686a29
  Quick: 8024e4a47e6cc03a9d5245ef0948264fc6d27cff
  Tibei: 6e9d4ce442a49ed1fd2e4f70e0293cd9d9eebb18

PODFILE CHECKSUM: acd8375b341d6cd2283eca4d802ede84a4968358

COCOAPODS: 1.1.1
